
Microsoft Visual Studio Solution File, Format Version 12.00
# Visual Studio Version 17
VisualStudioVersion = 17.4.33122.133
MinimumVisualStudioVersion = 10.0.40219.1
Project("{FAE04EC0-301F-11D3-BF4B-00C04F79EFBC}") = "MvcPersonajesPrueba", "MvcPersonajesPrueba\MvcPersonajesPrueba.csproj", "{1B66C717-CC01-4DBA-8A6D-2477E435E26A}"
EndProject
Global
	GlobalSection(SolutionConfigurationPlatforms) = preSolution
		Debug|Any CPU = Debug|Any CPU
		Release|Any CPU = Release|Any CPU
	EndGlobalSection
	GlobalSection(ProjectConfigurationPlatforms) = postSolution
		{1B66C717-CC01-4DBA-8A6D-2477E435E26A}.Debug|Any CPU.ActiveCfg = Debug|Any CPU
		{1B66C717-CC01-4DBA-8A6D-2477E435E26A}.Debug|Any CPU.Build.0 = Debug|Any CPU
		{1B66C717-CC01-4DBA-8A6D-2477E435E26A}.Release|Any CPU.ActiveCfg = Release|Any CPU
		{1B66C717-CC01-4DBA-8A6D-2477E435E26A}.Release|Any CPU.Build.0 = Release|Any CPU
	EndGlobalSection
	GlobalSection(SolutionProperties) = preSolution
		HideSolutionNode = FALSE
	EndGlobalSection
	GlobalSection(ExtensibilityGlobals) = postSolution
		SolutionGuid = {9668DB36-DB2A-40CB-B4FF-30D8CFBA3088}
	EndGlobalSection
EndGlobal
